
Microsoft Visual Studio Solution File, Format Version 12.00
# Visual Studio Version 16
VisualStudioVersion = 16.0.29020.237
MinimumVisualStudioVersion = 10.0.40219.1
Project("{FAE04EC0-301F-11D3-BF4B-00C04F79EFBC}") = "PhotoTrip", "PhotoTrip\PhotoTrip.csproj", "{4503E303-4258-4CD5-8F39-45C1A353E8AC}"
EndProject
Global
	GlobalSection(SolutionConfigurationPlatforms) = preSolution
		Debug|Any CPU = Debug|Any CPU
		Release|Any CPU = Release|Any CPU
	EndGlobalSection
	GlobalSection(ProjectConfigurationPlatforms) = postSolution
		{4503E303-4258-4CD5-8F39-45C1A353E8AC}.Debug|Any CPU.ActiveCfg = Debug|Any CPU
		{4503E303-4258-4CD5-8F39-45C1A353E8AC}.Debug|Any CPU.Build.0 = Debug|Any CPU
		{4503E303-4258-4CD5-8F39-45C1A353E8AC}.Release|Any CPU.ActiveCfg = Release|Any CPU
		{4503E303-4258-4CD5-8F39-45C1A353E8AC}.Release|Any CPU.Build.0 = Release|Any CPU
	EndGlobalSection
	GlobalSection(SolutionProperties) = preSolution
		HideSolutionNode = FALSE
	EndGlobalSection
	GlobalSection(ExtensibilityGlobals) = postSolution
		SolutionGuid = {3B3C0888-FF5E-4BEE-813C-6D86FF83A679}
	EndGlobalSection
EndGlobal
